
Microsoft Visual Studio Solution File, Format Version 12.00
# Visual Studio Version 17
VisualStudioVersion = 17.1.32319.34
MinimumVisualStudioVersion = 10.0.40219.1
Project("{9A19103F-16F7-4668-BE54-9A1E7A4F7556}") = "ms", "ms.csproj", "{3E4E6B23-0394-431B-AD44-26228AEEAC65}"
EndProject
Global
	GlobalSection(SolutionConfigurationPlatforms) = preSolution
		Debug|Any CPU = Debug|Any CPU
		Release|Any CPU = Release|Any CPU
	EndGlobalSection
	GlobalSection(ProjectConfigurationPlatforms) = postSolution
		{3E4E6B23-0394-431B-AD44-26228AEEAC65}.Debug|Any CPU.ActiveCfg = Debug|Any CPU
		{3E4E6B23-0394-431B-AD44-26228AEEAC65}.Debug|Any CPU.Build.0 = Debug|Any CPU
		{3E4E6B23-0394-431B-AD44-26228AEEAC65}.Release|Any CPU.ActiveCfg = Release|Any CPU
		{3E4E6B23-0394-431B-AD44-26228AEEAC65}.Release|Any CPU.Build.0 = Release|Any CPU
	EndGlobalSection
	GlobalSection(SolutionProperties) = preSolution
		HideSolutionNode = FALSE
	EndGlobalSection
	GlobalSection(ExtensibilityGlobals) = postSolution
		SolutionGuid = {CCF3378D-4B32-4734-8C2F-7B2A239B82D9}
	EndGlobalSection
EndGlobal
